
Microsoft Visual Studio Solution File, Format Version 12.00
# Visual Studio Version 17
VisualStudioVersion = 17.4.32804.182
MinimumVisualStudioVersion = 10.0.40219.1
Project("{FAE04EC0-301F-11D3-BF4B-00C04F79EFBC}") = "03-CreateModify", "03-CreateModify\03-CreateModify.csproj", "{A925A5A9-9844-4764-8257-1894D7898097}"
EndProject
Project("{FAE04EC0-301F-11D3-BF4B-00C04F79EFBC}") = "04-LoadSaveValidate", "04-LoadSaveValidate\04-LoadSaveValidate.csproj", "{5DF349E3-892F-4DDA-A890-3D6C096157AB}"
EndProject
Project("{2150E333-8FDC-42A3-9474-1A3956D46DE8}") = "Solution Items", "Solution Items", "{9B22DE20-7706-4D48-80D4-3B580050BE2B}"
	ProjectSection(SolutionItems) = preProject
		Xml\Products-Comment-Namespace.xml = Xml\Products-Comment-Namespace.xml
		Xml\Products-Comment-Namespace.xsd = Xml\Products-Comment-Namespace.xsd
		Xml\Products.xml = Xml\Products.xml
		Xml\Products.xsd = Xml\Products.xsd
		Xml\ProductsAttributes.xml = Xml\ProductsAttributes.xml
		Xml\ProductsAttributes.xsd = Xml\ProductsAttributes.xsd
		Xml\SalesAndDetails.xml = Xml\SalesAndDetails.xml
		Xml\SalesAndDetails.xsd = Xml\SalesAndDetails.xsd
		Xml\SalesOrderDetails.xml = Xml\SalesOrderDetails.xml
		Xml\SalesOrderDetails.xsd = Xml\SalesOrderDetails.xsd
		Xml\SalesOrderHeaders.xml = Xml\SalesOrderHeaders.xml
		Xml\SalesOrderHeaders.xsd = Xml\SalesOrderHeaders.xsd
	EndProjectSection
EndProject
Project("{FAE04EC0-301F-11D3-BF4B-00C04F79EFBC}") = "XmlFilePath", "XmlFilePath\XmlFilePath.csproj", "{252A4DCE-8018-4A42-AF32-966EA0521079}"
EndProject
Project("{FAE04EC0-301F-11D3-BF4B-00C04F79EFBC}") = "05-XPath", "05-XPath\05-XPath.csproj", "{2729A825-F288-4FC5-9866-0AA7125D4602}"
EndProject
Project("{FAE04EC0-301F-11D3-BF4B-00C04F79EFBC}") = "06-LINQ-XML", "06-LINQ-XML\06-LINQ-XML.csproj", "{25E6B4BD-4E75-438B-B069-85EEBF87D404}"
EndProject
Project("{FAE04EC0-301F-11D3-BF4B-00C04F79EFBC}") = "07-ObjectStorage", "07-ObjectStorage\07-ObjectStorage.csproj", "{DADBE8EA-76DA-44E9-A659-DCAEBB5F9F10}"
EndProject
Project("{FAE04EC0-301F-11D3-BF4B-00C04F79EFBC}") = "08-Caching", "08-Caching\08-Caching.csproj", "{1A8F2BC3-8B5B-4121-A49A-3A324A2A2BA5}"
EndProject
Global
	GlobalSection(SolutionConfigurationPlatforms) = preSolution
		Debug|Any CPU = Debug|Any CPU
		Release|Any CPU = Release|Any CPU
	EndGlobalSection
	GlobalSection(ProjectConfigurationPlatforms) = postSolution
		{A925A5A9-9844-4764-8257-1894D7898097}.Debug|Any CPU.ActiveCfg = Debug|Any CPU
		{A925A5A9-9844-4764-8257-1894D7898097}.Debug|Any CPU.Build.0 = Debug|Any CPU
		{A925A5A9-9844-4764-8257-1894D7898097}.Release|Any CPU.ActiveCfg = Release|Any CPU
		{A925A5A9-9844-4764-8257-1894D7898097}.Release|Any CPU.Build.0 = Release|Any CPU
		{5DF349E3-892F-4DDA-A890-3D6C096157AB}.Debug|Any CPU.ActiveCfg = Debug|Any CPU
		{5DF349E3-892F-4DDA-A890-3D6C096157AB}.Debug|Any CPU.Build.0 = Debug|Any CPU
		{5DF349E3-892F-4DDA-A890-3D6C096157AB}.Release|Any CPU.ActiveCfg = Release|Any CPU
		{5DF349E3-892F-4DDA-A890-3D6C096157AB}.Release|Any CPU.Build.0 = Release|Any CPU
		{252A4DCE-8018-4A42-AF32-966EA0521079}.Debug|Any CPU.ActiveCfg = Debug|Any CPU
		{252A4DCE-8018-4A42-AF32-966EA0521079}.Debug|Any CPU.Build.0 = Debug|Any CPU
		{252A4DCE-8018-4A42-AF32-966EA0521079}.Release|Any CPU.ActiveCfg = Release|Any CPU
		{252A4DCE-8018-4A42-AF32-966EA0521079}.Release|Any CPU.Build.0 = Release|Any CPU
		{2729A825-F288-4FC5-9866-0AA7125D4602}.Debug|Any CPU.ActiveCfg = Debug|Any CPU
		{2729A825-F288-4FC5-9866-0AA7125D4602}.Debug|Any CPU.Build.0 = Debug|Any CPU
		{2729A825-F288-4FC5-9866-0AA7125D4602}.Release|Any CPU.ActiveCfg = Release|Any CPU
		{2729A825-F288-4FC5-9866-0AA7125D4602}.Release|Any CPU.Build.0 = Release|Any CPU
		{25E6B4BD-4E75-438B-B069-85EEBF87D404}.Debug|Any CPU.ActiveCfg = Debug|Any CPU
		{25E6B4BD-4E75-438B-B069-85EEBF87D404}.Debug|Any CPU.Build.0 = Debug|Any CPU
		{25E6B4BD-4E75-438B-B069-85EEBF87D404}.Release|Any CPU.ActiveCfg = Release|Any CPU
		{25E6B4BD-4E75-438B-B069-85EEBF87D404}.Release|Any CPU.Build.0 = Release|Any CPU
		{DADBE8EA-76DA-44E9-A659-DCAEBB5F9F10}.Debug|Any CPU.ActiveCfg = Debug|Any CPU
		{DADBE8EA-76DA-44E9-A659-DCAEBB5F9F10}.Debug|Any CPU.Build.0 = Debug|Any CPU
		{DADBE8EA-76DA-44E9-A659-DCAEBB5F9F10}.Release|Any CPU.ActiveCfg = Release|Any CPU
		{DADBE8EA-76DA-44E9-A659-DCAEBB5F9F10}.Release|Any CPU.Build.0 = Release|Any CPU
		{1A8F2BC3-8B5B-4121-A49A-3A324A2A2BA5}.Debug|Any CPU.ActiveCfg = Debug|Any CPU
		{1A8F2BC3-8B5B-4121-A49A-3A324A2A2BA5}.Debug|Any CPU.Build.0 = Debug|Any CPU
		{1A8F2BC3-8B5B-4121-A49A-3A324A2A2BA5}.Release|Any CPU.ActiveCfg = Release|Any CPU
		{1A8F2BC3-8B5B-4121-A49A-3A324A2A2BA5}.Release|Any CPU.Build.0 = Release|Any CPU
	EndGlobalSection
	GlobalSection(SolutionProperties) = preSolution
		HideSolutionNode = FALSE
	EndGlobalSection
	GlobalSection(ExtensibilityGlobals) = postSolution
		SolutionGuid = {36EC8CE4-6F93-4F03-8DC9-BD3299ED8586}
	EndGlobalSection
EndGlobal
